
Microsoft Visual Studio Solution File, Format Version 12.00
# Visual Studio Version 17
VisualStudioVersion = 17.5.2.0
MinimumVisualStudioVersion = 10.0.40219.1
Project("{FAE04EC0-301F-11D3-BF4B-00C04F79EFBC}") = "ecommerce", "ecommerce.csproj", "{531E5B42-0657-6603-61C8-1B2E47F866F4}"
EndProject
Project("{FAE04EC0-301F-11D3-BF4B-00C04F79EFBC}") = "Ecommerce.Tests", "Ecommerce.Tests\Ecommerce.Tests.csproj", "{735B57B0-8FCA-4326-8A68-01D8A0AF10B0}"
EndProject
Global
	GlobalSection(SolutionConfigurationPlatforms) = preSolution
		Debug|Any CPU = Debug|Any CPU
		Debug|x64 = Debug|x64
		Debug|x86 = Debug|x86
		Release|Any CPU = Release|Any CPU
		Release|x64 = Release|x64
		Release|x86 = Release|x86
	EndGlobalSection
	GlobalSection(ProjectConfigurationPlatforms) = postSolution
		{531E5B42-0657-6603-61C8-1B2E47F866F4}.Debug|Any CPU.ActiveCfg = Debug|Any CPU
		{531E5B42-0657-6603-61C8-1B2E47F866F4}.Debug|Any CPU.Build.0 = Debug|Any CPU
		{531E5B42-0657-6603-61C8-1B2E47F866F4}.Debug|x64.ActiveCfg = Debug|Any CPU
		{531E5B42-0657-6603-61C8-1B2E47F866F4}.Debug|x64.Build.0 = Debug|Any CPU
		{531E5B42-0657-6603-61C8-1B2E47F866F4}.Debug|x86.ActiveCfg = Debug|Any CPU
		{531E5B42-0657-6603-61C8-1B2E47F866F4}.Debug|x86.Build.0 = Debug|Any CPU
		{531E5B42-0657-6603-61C8-1B2E47F866F4}.Release|Any CPU.ActiveCfg = Release|Any CPU
		{531E5B42-0657-6603-61C8-1B2E47F866F4}.Release|Any CPU.Build.0 = Release|Any CPU
		{531E5B42-0657-6603-61C8-1B2E47F866F4}.Release|x64.ActiveCfg = Release|Any CPU
		{531E5B42-0657-6603-61C8-1B2E47F866F4}.Release|x64.Build.0 = Release|Any CPU
		{531E5B42-0657-6603-61C8-1B2E47F866F4}.Release|x86.ActiveCfg = Release|Any CPU
		{531E5B42-0657-6603-61C8-1B2E47F866F4}.Release|x86.Build.0 = Release|Any CPU
		{735B57B0-8FCA-4326-8A68-01D8A0AF10B0}.Debug|Any CPU.ActiveCfg = Debug|Any CPU
		{735B57B0-8FCA-4326-8A68-01D8A0AF10B0}.Debug|Any CPU.Build.0 = Debug|Any CPU
		{735B57B0-8FCA-4326-8A68-01D8A0AF10B0}.Debug|x64.ActiveCfg = Debug|Any CPU
		{735B57B0-8FCA-4326-8A68-01D8A0AF10B0}.Debug|x64.Build.0 = Debug|Any CPU
		{735B57B0-8FCA-4326-8A68-01D8A0AF10B0}.Debug|x86.ActiveCfg = Debug|Any CPU
		{735B57B0-8FCA-4326-8A68-01D8A0AF10B0}.Debug|x86.Build.0 = Debug|Any CPU
		{735B57B0-8FCA-4326-8A68-01D8A0AF10B0}.Release|Any CPU.ActiveCfg = Release|Any CPU
		{735B57B0-8FCA-4326-8A68-01D8A0AF10B0}.Release|Any CPU.Build.0 = Release|Any CPU
		{735B57B0-8FCA-4326-8A68-01D8A0AF10B0}.Release|x64.ActiveCfg = Release|Any CPU
		{735B57B0-8FCA-4326-8A68-01D8A0AF10B0}.Release|x64.Build.0 = Release|Any CPU
		{735B57B0-8FCA-4326-8A68-01D8A0AF10B0}.Release|x86.ActiveCfg = Release|Any CPU
		{735B57B0-8FCA-4326-8A68-01D8A0AF10B0}.Release|x86.Build.0 = Release|Any CPU
	EndGlobalSection
	GlobalSection(SolutionProperties) = preSolution
		HideSolutionNode = FALSE
	EndGlobalSection
	GlobalSection(ExtensibilityGlobals) = postSolution
		SolutionGuid = {14F6FC56-CFAE-4039-AEC1-8CFEE51CC6B5}
	EndGlobalSection
EndGlobal
